{
  "nodes": {
    "emacs-overlay": {
      "inputs": {
        "flake-utils": [
          "flake-utils"
        ],
        "nixpkgs": [
          "nixpkgs"
        ]
      },
      "locked": {
        "lastModified": 1682961881,
        "narHash": "sha256-VwD+pcLB3iHCXy+Dr9tUaONm/kj07WeSQ8V+3c2pPX4=",
        "owner": "nix-community",
        "repo": "emacs-overlay",
        "rev": "e9ce36f0a9be20f669f6decefe04e0e8ebef97c4",
        "type": "github"
      },
      "original": {
        "owner": "nix-community",
        "repo": "emacs-overlay",
        "type": "github"
      }
    },
    "emacs-patches-src": {
      "flake": false,
      "locked": {
        "lastModified": 1682764571,
        "narHash": "sha256-w8OB/eczRwJVvaWmhIjisITFVCjFm40/H7lGe/AeZlk=",
        "owner": "d12frosted",
        "repo": "homebrew-emacs-plus",
        "rev": "629c8fd6c7159ea487209bc8bcc95dfea70547f7",
        "type": "github"
      },
      "original": {
        "owner": "d12frosted",
        "repo": "homebrew-emacs-plus",
        "type": "github"
      }
    },
    "emacs-src": {
      "flake": false,
      "locked": {
        "lastModified": 1682944041,
        "narHash": "sha256-axSXwdOu3/WyU52uf+5E4ZyYAcJsLePTVfA9RFdwjY8=",
        "owner": "emacs-mirror",
        "repo": "emacs",
        "rev": "46392c1623bc3f9764b8c7df293a89fcd47ab0ad",
        "type": "github"
      },
      "original": {
        "owner": "emacs-mirror",
        "ref": "emacs-29",
        "repo": "emacs",
        "type": "github"
      }
    },
    "emacs-vterm-src": {
      "flake": false,
      "locked": {
        "lastModified": 1681705456,
        "narHash": "sha256-1+AbPtyl1dS73WTMrIUduyWeM4cOiD3CI7d0Ic3jpVw=",
        "owner": "akermu",
        "repo": "emacs-libvterm",
        "rev": "94e2b0b2b4a750e7907dacd5b4c0584900846dd1",
        "type": "github"
      },
      "original": {
        "owner": "akermu",
        "repo": "emacs-libvterm",
        "type": "github"
      }
    },
    "flake-compat": {
      "flake": false,
      "locked": {
        "lastModified": 1673956053,
        "narHash": "sha256-4gtG9iQuiKITOjNQQeQIpoIB6b16fm+504Ch3sNKLd8=",
        "owner": "edolstra",
        "repo": "flake-compat",
        "rev": "35bb57c0c8d8b62bbfd284272c928ceb64ddbde9",
        "type": "github"
      },
      "original": {
        "owner": "edolstra",
        "repo": "flake-compat",
        "type": "github"
      }
    },
    "flake-utils": {
      "inputs": {
        "systems": "systems"
      },
      "locked": {
        "lastModified": 1681202837,
        "narHash": "sha256-H+Rh19JDwRtpVPAWp64F+rlEtxUWBAQW28eAi3SRSzg=",
        "owner": "numtide",
        "repo": "flake-utils",
        "rev": "cfacdce06f30d2b68473a46042957675eebb3401",
        "type": "github"
      },
      "original": {
        "owner": "numtide",
        "repo": "flake-utils",
        "type": "github"
      }
    },
    "nixpkgs": {
      "locked": {
        "lastModified": 1682817260,
        "narHash": "sha256-kFMXzKNj4d/0Iqbm5l57rHSLyUeyCLMuvlROZIuuhvk=",
        "owner": "nixos",
        "repo": "nixpkgs",
        "rev": "db1e4eeb0f9a9028bcb920e00abbc1409dd3ef36",
        "type": "github"
      },
      "original": {
        "owner": "nixos",
        "ref": "nixos-22.11",
        "repo": "nixpkgs",
        "type": "github"
      }
    },
    "root": {
      "inputs": {
        "emacs-overlay": "emacs-overlay",
        "emacs-patches-src": "emacs-patches-src",
        "emacs-src": "emacs-src",
        "emacs-vterm-src": "emacs-vterm-src",
        "flake-compat": "flake-compat",
        "flake-utils": "flake-utils",
        "nixpkgs": "nixpkgs"
      }
    },
    "systems": {
      "locked": {
        "lastModified": 1681028828,
        "narHash": "sha256-Vy1rq5AaRuLzOxct8nz4T6wlgyUR7zLU309k9mBC768=",
        "owner": "nix-systems",
        "repo": "default",
        "rev": "da67096a3b9bf56a91d16901293e51ba5b49a27e",
        "type": "github"
      },
      "original": {
        "owner": "nix-systems",
        "repo": "default",
        "type": "github"
      }
    }
  },
  "root": "root",
  "version": 7
}
